
Microsoft Visual Studio Solution File, Format Version 12.00
# Visual Studio Version 17
VisualStudioVersion = 17.5.001.0
MinimumVisualStudioVersion = 10.0.40219.1
Project("{9A19103F-16F7-4668-BE54-9A1E7A4F7556}") = "TestBenchMark", "TestBenchMark.csproj", "{2D7715D8-31A5-40C3-B325-56BA24990D8B}"
EndProject
Global
	GlobalSection(SolutionConfigurationPlatforms) = preSolution
		Debug|Any CPU = Debug|Any CPU
		Release|Any CPU = Release|Any CPU
	EndGlobalSection
	GlobalSection(ProjectConfigurationPlatforms) = postSolution
		{2D7715D8-31A5-40C3-B325-56BA24990D8B}.Debug|Any CPU.ActiveCfg = Debug|Any CPU
		{2D7715D8-31A5-40C3-B325-56BA24990D8B}.Debug|Any CPU.Build.0 = Debug|Any CPU
		{2D7715D8-31A5-40C3-B325-56BA24990D8B}.Release|Any CPU.ActiveCfg = Release|Any CPU
		{2D7715D8-31A5-40C3-B325-56BA24990D8B}.Release|Any CPU.Build.0 = Release|Any CPU
	EndGlobalSection
	GlobalSection(SolutionProperties) = preSolution
		HideSolutionNode = FALSE
	EndGlobalSection
	GlobalSection(ExtensibilityGlobals) = postSolution
		SolutionGuid = {AF06932A-75BE-4867-8864-6B05F6E23D1A}
	EndGlobalSection
EndGlobal
